// !$*UTF8*$!
{
	archiveVersion = 1;
	classes = {
	};
	objectVersion = 56;
	objects = {

/* Begin PBXBuildFile section */
		15CE0C122BDB7A0400385B8D /* Book_ReaderApp.swift in Sources */ = {isa = PBXBuildFile; fileRef = 15CE0C112BDB7A0400385B8D /* Book_ReaderApp.swift */; };
		15CE0C142BDB7A0400385B8D /* ContentView.swift in Sources */ = {isa = PBXBuildFile; fileRef = 15CE0C132BDB7A0400385B8D /* ContentView.swift */; };
		15CE0C162BDB7A0700385B8D /* Assets.xcassets in Resources */ = {isa = PBXBuildFile; fileRef = 15CE0C152BDB7A0700385B8D /* Assets.xcassets */; };
		15CE0C192BDB7A0700385B8D /* Preview Assets.xcassets in Resources */ = {isa = PBXBuildFile; fileRef = 15CE0C182BDB7A0700385B8D /* Preview Assets.xcassets */; };
		15CE0C232BDB7A0700385B8D /* Book_ReaderTests.swift in Sources */ = {isa = PBXBuildFile; fileRef = 15CE0C222BDB7A0700385B8D /* Book_ReaderTests.swift */; };
		15CE0C2D2BDB7A0700385B8D /* Book_ReaderUITests.swift in Sources */ = {isa = PBXBuildFile; fileRef = 15CE0C2C2BDB7A0700385B8D /* Book_ReaderUITests.swift */; };
		15CE0C2F2BDB7A0700385B8D /* Book_ReaderUITestsLaunchTests.swift in Sources */ = {isa = PBXBuildFile; fileRef = 15CE0C2E2BDB7A0700385B8D /* Book_ReaderUITestsLaunchTests.swift */; };
		15CE0C3C2BDB7B6D00385B8D /* BookPages.swift in Sources */ = {isa = PBXBuildFile; fileRef = 15CE0C3B2BDB7B6D00385B8D /* BookPages.swift */; };
		15CE0C3E2BDB7C0300385B8D /* BookPage.swift in Sources */ = {isa = PBXBuildFile; fileRef = 15CE0C3D2BDB7C0300385B8D /* BookPage.swift */; };
		15CE0C402BDB84A900385B8D /* PeelEffect.swift in Sources */ = {isa = PBXBuildFile; fileRef = 15CE0C3F2BDB84A900385B8D /* PeelEffect.swift */; };
/* End PBXBuildFile section */

/* Begin PBXContainerItemProxy section */
		15CE0C1F2BDB7A0700385B8D /* PBXContainerItemProxy */ = {
			isa = PBXContainerItemProxy;
			containerPortal = 15CE0C062BDB7A0400385B8D /* Project object */;
			proxyType = 1;
			remoteGlobalIDString = 15CE0C0D2BDB7A0400385B8D;
			remoteInfo = "Book Reader";
		};
		15CE0C292BDB7A0700385B8D /* PBXContainerItemProxy */ = {
			isa = PBXContainerItemProxy;
			containerPortal = 15CE0C062BDB7A0400385B8D /* Project object */;
			proxyType = 1;
			remoteGlobalIDString = 15CE0C0D2BDB7A0400385B8D;
			remoteInfo = "Book Reader";
		};
/* End PBXContainerItemProxy section */

/* Begin PBXFileReference section */
		15CE0C0E2BDB7A0400385B8D /* Book Reader.app */ = {isa = PBXFileReference; explicitFileType = wrapper.application; includeInIndex = 0; path = "Book Reader.app"; sourceTree = BUILT_PRODUCTS_DIR; };
		15CE0C112BDB7A0400385B8D /* Book_ReaderApp.swift */ = {isa = PBXFileReference; lastKnownFileType = sourcecode.swift; path = Book_ReaderApp.swift; sourceTree = "<group>"; };
		15CE0C132BDB7A0400385B8D /* ContentView.swift */ = {isa = PBXFileReference; lastKnownFileType = sourcecode.swift; path = ContentView.swift; sourceTree = "<group>"; };
		15CE0C152BDB7A0700385B8D /* Assets.xcassets */ = {isa = PBXFileReference; lastKnownFileType = folder.assetcatalog; path = Assets.xcassets; sourceTree = "<group>"; };
		15CE0C182BDB7A0700385B8D /* Preview Assets.xcassets */ = {isa = PBXFileReference; lastKnownFileType = folder.assetcatalog; path = "Preview Assets.xcassets"; sourceTree = "<group>"; };
		15CE0C1E2BDB7A0700385B8D /* Book ReaderTests.xctest */ = {isa = PBXFileReference; explicitFileType = wrapper.cfbundle; includeInIndex = 0; path = "Book ReaderTests.xctest"; sourceTree = BUILT_PRODUCTS_DIR; };
		15CE0C222BDB7A0700385B8D /* Book_ReaderTests.swift */ = {isa = PBXFileReference; lastKnownFileType = sourcecode.swift; path = Book_ReaderTests.swift; sourceTree = "<group>"; };
		15CE0C282BDB7A0700385B8D /* Book ReaderUITests.xctest */ = {isa = PBXFileReference; explicitFileType = wrapper.cfbundle; includeInIndex = 0; path = "Book ReaderUITests.xctest"; sourceTree = BUILT_PRODUCTS_DIR; };
		15CE0C2C2BDB7A0700385B8D /* Book_ReaderUITests.swift */ = {isa = PBXFileReference; lastKnownFileType = sourcecode.swift; path = Book_ReaderUITests.swift; sourceTree = "<group>"; };
		15CE0C2E2BDB7A0700385B8D /* Book_ReaderUITestsLaunchTests.swift */ = {isa = PBXFileReference; lastKnownFileType = sourcecode.swift; path = Book_ReaderUITestsLaunchTests.swift; sourceTree = "<group>"; };
		15CE0C3B2BDB7B6D00385B8D /* BookPages.swift */ = {isa = PBXFileReference; lastKnownFileType = sourcecode.swift; path = BookPages.swift; sourceTree = "<group>"; };
		15CE0C3D2BDB7C0300385B8D /* BookPage.swift */ = {isa = PBXFileReference; lastKnownFileType = sourcecode.swift; path = BookPage.swift; sourceTree = "<group>"; };
		15CE0C3F2BDB84A900385B8D /* PeelEffect.swift */ = {isa = PBXFileReference; lastKnownFileType = sourcecode.swift; path = PeelEffect.swift; sourceTree = "<group>"; };
/* End PBXFileReference section */

/* Begin PBXFrameworksBuildPhase section */
		15CE0C0B2BDB7A0400385B8D /* Frameworks */ = {
			isa = PBXFrameworksBuildPhase;
			buildActionMask = 2147483647;
			files = (
			);
			runOnlyForDeploymentPostprocessing = 0;
		};
		15CE0C1B2BDB7A0700385B8D /* Frameworks */ = {
			isa = PBXFrameworksBuildPhase;
			buildActionMask = 2147483647;
			files = (
			);
			runOnlyForDeploymentPostprocessing = 0;
		};
		15CE0C252BDB7A0700385B8D /* Frameworks */ = {
			isa = PBXFrameworksBuildPhase;
			buildActionMask = 2147483647;
			files = (
			);
			runOnlyForDeploymentPostprocessing = 0;
		};
/* End PBXFrameworksBuildPhase section */

/* Begin PBXGroup section */
		15CE0C052BDB7A0400385B8D = {
			isa = PBXGroup;
			children = (
				15CE0C102BDB7A0400385B8D /* Book Reader */,
				15CE0C212BDB7A0700385B8D /* Book ReaderTests */,
				15CE0C2B2BDB7A0700385B8D /* Book ReaderUITests */,
				15CE0C0F2BDB7A0400385B8D /* Products */,
			);
			sourceTree = "<group>";
		};
		15CE0C0F2BDB7A0400385B8D /* Products */ = {
			isa = PBXGroup;
			children = (
				15CE0C0E2BDB7A0400385B8D /* Book Reader.app */,
				15CE0C1E2BDB7A0700385B8D /* Book ReaderTests.xctest */,
				15CE0C282BDB7A0700385B8D /* Book ReaderUITests.xctest */,
			);
			name = Products;
			sourceTree = "<group>";
		};
		15CE0C102BDB7A0400385B8D /* Book Reader */ = {
			isa = PBXGroup;
			children = (
				15CE0C112BDB7A0400385B8D /* Book_ReaderApp.swift */,
				15CE0C132BDB7A0400385B8D /* ContentView.swift */,
				15CE0C152BDB7A0700385B8D /* Assets.xcassets */,
				15CE0C172BDB7A0700385B8D /* Preview Content */,
				15CE0C3B2BDB7B6D00385B8D /* BookPages.swift */,
				15CE0C3D2BDB7C0300385B8D /* BookPage.swift */,
				15CE0C3F2BDB84A900385B8D /* PeelEffect.swift */,
			);
			path = "Book Reader";
			sourceTree = "<group>";
		};
		15CE0C172BDB7A0700385B8D /* Preview Content */ = {
			isa = PBXGroup;
			children = (
				15CE0C182BDB7A0700385B8D /* Preview Assets.xcassets */,
			);
			path = "Preview Content";
			sourceTree = "<group>";
		};
		15CE0C212BDB7A0700385B8D /* Book ReaderTests */ = {
			isa = PBXGroup;
			children = (
				15CE0C222BDB7A0700385B8D /* Book_ReaderTests.swift */,
			);
			path = "Book ReaderTests";
			sourceTree = "<group>";
		};
		15CE0C2B2BDB7A0700385B8D /* Book ReaderUITests */ = {
			isa = PBXGroup;
			children = (
				15CE0C2C2BDB7A0700385B8D /* Book_ReaderUITests.swift */,
				15CE0C2E2BDB7A0700385B8D /* Book_ReaderUITestsLaunchTests.swift */,
			);
			path = "Book ReaderUITests";
			sourceTree = "<group>";
		};
/* End PBXGroup section */

/* Begin PBXNativeTarget section */
		15CE0C0D2BDB7A0400385B8D /* Book Reader */ = {
			isa = PBXNativeTarget;
			buildConfigurationList = 15CE0C322BDB7A0700385B8D /* Build configuration list for PBXNativeTarget "Book Reader" */;
			buildPhases = (
				15CE0C0A2BDB7A0400385B8D /* Sources */,
				15CE0C0B2BDB7A0400385B8D /* Frameworks */,
				15CE0C0C2BDB7A0400385B8D /* Resources */,
			);
			buildRules = (
			);
			dependencies = (
			);
			name = "Book Reader";
			productName = "Book Reader";
			productReference = 15CE0C0E2BDB7A0400385B8D /* Book Reader.app */;
			productType = "com.apple.product-type.application";
		};
		15CE0C1D2BDB7A0700385B8D /* Book ReaderTests */ = {
			isa = PBXNativeTarget;
			buildConfigurationList = 15CE0C352BDB7A0700385B8D /* Build configuration list for PBXNativeTarget "Book ReaderTests" */;
			buildPhases = (
				15CE0C1A2BDB7A0700385B8D /* Sources */,
				15CE0C1B2BDB7A0700385B8D /* Frameworks */,
				15CE0C1C2BDB7A0700385B8D /* Resources */,
			);
			buildRules = (
			);
			dependencies = (
				15CE0C202BDB7A0700385B8D /* PBXTargetDependency */,
			);
			name = "Book ReaderTests";
			productName = "Book ReaderTests";
			productReference = 15CE0C1E2BDB7A0700385B8D /* Book ReaderTests.xctest */;
			productType = "com.apple.product-type.bundle.unit-test";
		};
		15CE0C272BDB7A0700385B8D /* Book ReaderUITests */ = {
			isa = PBXNativeTarget;
			buildConfigurationList = 15CE0C382BDB7A0700385B8D /* Build configuration list for PBXNativeTarget "Book ReaderUITests" */;
			buildPhases = (
				15CE0C242BDB7A0700385B8D /* Sources */,
				15CE0C252BDB7A0700385B8D /* Frameworks */,
				15CE0C262BDB7A0700385B8D /* Resources */,
			);
			buildRules = (
			);
			dependencies = (
				15CE0C2A2BDB7A0700385B8D /* PBXTargetDependency */,
			);
			name = "Book ReaderUITests";
			productName = "Book ReaderUITests";
			productReference = 15CE0C282BDB7A0700385B8D /* Book ReaderUITests.xctest */;
			productType = "com.apple.product-type.bundle.ui-testing";
		};
/* End PBXNativeTarget section */

/* Begin PBXProject section */
		15CE0C062BDB7A0400385B8D /* Project object */ = {
			isa = PBXProject;
			attributes = {
				BuildIndependentTargetsInParallel = 1;
				LastSwiftUpdateCheck = 1520;
				LastUpgradeCheck = 1520;
				TargetAttributes = {
					15CE0C0D2BDB7A0400385B8D = {
						CreatedOnToolsVersion = 15.2;
					};
					15CE0C1D2BDB7A0700385B8D = {
						CreatedOnToolsVersion = 15.2;
						TestTargetID = 15CE0C0D2BDB7A0400385B8D;
					};
					15CE0C272BDB7A0700385B8D = {
						CreatedOnToolsVersion = 15.2;
						TestTargetID = 15CE0C0D2BDB7A0400385B8D;
					};
				};
			};
			buildConfigurationList = 15CE0C092BDB7A0400385B8D /* Build configuration list for PBXProject "Book Reader" */;
			compatibilityVersion = "Xcode 14.0";
			developmentRegion = en;
			hasScannedForEncodings = 0;
			knownRegions = (
				en,
				Base,
			);
			mainGroup = 15CE0C052BDB7A0400385B8D;
			productRefGroup = 15CE0C0F2BDB7A0400385B8D /* Products */;
			projectDirPath = "";
			projectRoot = "";
			targets = (
				15CE0C0D2BDB7A0400385B8D /* Book Reader */,
				15CE0C1D2BDB7A0700385B8D /* Book ReaderTests */,
				15CE0C272BDB7A0700385B8D /* Book ReaderUITests */,
			);
		};
/* End PBXProject section */

/* Begin PBXResourcesBuildPhase section */
		15CE0C0C2BDB7A0400385B8D /* Resources */ = {
			isa = PBXResourcesBuildPhase;
			buildActionMask = 2147483647;
			files = (
				15CE0C192BDB7A0700385B8D /* Preview Assets.xcassets in Resources */,
				15CE0C162BDB7A0700385B8D /* Assets.xcassets in Resources */,
			);
			runOnlyForDeploymentPostprocessing = 0;
		};
		15CE0C1C2BDB7A0700385B8D /* Resources */ = {
			isa = PBXResourcesBuildPhase;
			buildActionMask = 2147483647;
			files = (
			);
			runOnlyForDeploymentPostprocessing = 0;
		};
		15CE0C262BDB7A0700385B8D /* Resources */ = {
			isa = PBXResourcesBuildPhase;
			buildActionMask = 2147483647;
			files = (
			);
			runOnlyForDeploymentPostprocessing = 0;
		};
/* End PBXResourcesBuildPhase section */

/* Begin PBXSourcesBuildPhase section */
		15CE0C0A2BDB7A0400385B8D /* Sources */ = {
			isa = PBXSourcesBuildPhase;
			buildActionMask = 2147483647;
			files = (
				15CE0C142BDB7A0400385B8D /* ContentView.swift in Sources */,
				15CE0C3E2BDB7C0300385B8D /* BookPage.swift in Sources */,
				15CE0C402BDB84A900385B8D /* PeelEffect.swift in Sources */,
				15CE0C3C2BDB7B6D00385B8D /* BookPages.swift in Sources */,
				15CE0C122BDB7A0400385B8D /* Book_ReaderApp.swift in Sources */,
			);
			runOnlyForDeploymentPostprocessing = 0;
		};
		15CE0C1A2BDB7A0700385B8D /* Sources */ = {
			isa = PBXSourcesBuildPhase;
			buildActionMask = 2147483647;
			files = (
				15CE0C232BDB7A0700385B8D /* Book_ReaderTests.swift in Sources */,
			);
			runOnlyForDeploymentPostprocessing = 0;
		};
		15CE0C242BDB7A0700385B8D /* Sources */ = {
			isa = PBXSourcesBuildPhase;
			buildActionMask = 2147483647;
			files = (
				15CE0C2F2BDB7A0700385B8D /* Book_ReaderUITestsLaunchTests.swift in Sources */,
				15CE0C2D2BDB7A0700385B8D /* Book_ReaderUITests.swift in Sources */,
			);
			runOnlyForDeploymentPostprocessing = 0;
		};
/* End PBXSourcesBuildPhase section */

/* Begin PBXTargetDependency section */
		15CE0C202BDB7A0700385B8D /* PBXTargetDependency */ = {
			isa = PBXTargetDependency;
			target = 15CE0C0D2BDB7A0400385B8D /* Book Reader */;
			targetProxy = 15CE0C1F2BDB7A0700385B8D /* PBXContainerItemProxy */;
		};
		15CE0C2A2BDB7A0700385B8D /* PBXTargetDependency */ = {
			isa = PBXTargetDependency;
			target = 15CE0C0D2BDB7A0400385B8D /* Book Reader */;
			targetProxy = 15CE0C292BDB7A0700385B8D /* PBXContainerItemProxy */;
		};
/* End PBXTargetDependency section */

/* Begin XCBuildConfiguration section */
		15CE0C302BDB7A0700385B8D /* Debug */ = {
			isa = XCBuildConfiguration;
			buildSettings = {
				ALWAYS_SEARCH_USER_PATHS = NO;
				ASSETCATALOG_COMPILER_GENERATE_SWIFT_ASSET_SYMBOL_EXTENSIONS = YES;
				CLANG_ANALYZER_NONNULL = YES;
				CLANG_ANALYZER_NUMBER_OBJECT_CONVERSION = YES_AGGRESSIVE;
				CLANG_CXX_LANGUAGE_STANDARD = "gnu++20";
				CLANG_ENABLE_MODULES = YES;
				CLANG_ENABLE_OBJC_ARC = YES;
				CLANG_ENABLE_OBJC_WEAK = YES;
				CLANG_WARN_BLOCK_CAPTURE_AUTORELEASING = YES;
				CLANG_WARN_BOOL_CONVERSION = YES;
				CLANG_WARN_COMMA = YES;
				CLANG_WARN_CONSTANT_CONVERSION = YES;
				CLANG_WARN_DEPRECATED_OBJC_IMPLEMENTATIONS = YES;
				CLANG_WARN_DIRECT_OBJC_ISA_USAGE = YES_ERROR;
				CLANG_WARN_DOCUMENTATION_COMMENTS = YES;
				CLANG_WARN_EMPTY_BODY = YES;
				CLANG_WARN_ENUM_CONVERSION = YES;
				CLANG_WARN_INFINITE_RECURSION = YES;
				CLANG_WARN_INT_CONVERSION = YES;
				CLANG_WARN_NON_LITERAL_NULL_CONVERSION = YES;
				CLANG_WARN_OBJC_IMPLICIT_RETAIN_SELF = YES;
				CLANG_WARN_OBJC_LITERAL_CONVERSION = YES;
				CLANG_WARN_OBJC_ROOT_CLASS = YES_ERROR;
				CLANG_WARN_QUOTED_INCLUDE_IN_FRAMEWORK_HEADER = YES;
				CLANG_WARN_RANGE_LOOP_ANALYSIS = YES;
				CLANG_WARN_STRICT_PROTOTYPES = YES;
				CLANG_WARN_SUSPICIOUS_MOVE = YES;
				CLANG_WARN_UNGUARDED_AVAILABILITY = YES_AGGRESSIVE;
				CLANG_WARN_UNREACHABLE_CODE = YES;
				CLANG_WARN__DUPLICATE_METHOD_MATCH = YES;
				COPY_PHASE_STRIP = NO;
				DEBUG_INFORMATION_FORMAT = dwarf;
				ENABLE_STRICT_OBJC_MSGSEND = YES;
				ENABLE_TESTABILITY = YES;
				ENABLE_USER_SCRIPT_SANDBOXING = YES;
				GCC_C_LANGUAGE_STANDARD = gnu17;
				GCC_DYNAMIC_NO_PIC = NO;
				GCC_NO_COMMON_BLOCKS = YES;
				GCC_OPTIMIZATION_LEVEL = 0;
				GCC_PREPROCESSOR_DEFINITIONS = (
					"DEBUG=1",
					"$(inherited)",
				);
				GCC_WARN_64_TO_32_BIT_CONVERSION = YES;
				GCC_WARN_ABOUT_RETURN_TYPE = YES_ERROR;
				GCC_WARN_UNDECLARED_SELECTOR = YES;
				GCC_WARN_UNINITIALIZED_AUTOS = YES_AGGRESSIVE;
				GCC_WARN_UNUSED_FUNCTION = YES;
				GCC_WARN_UNUSED_VARIABLE = YES;
				IPHONEOS_DEPLOYMENT_TARGET = 17.2;
				LOCALIZATION_PREFERS_STRING_CATALOGS = YES;
				MTL_ENABLE_DEBUG_INFO = INCLUDE_SOURCE;
				MTL_FAST_MATH = YES;
				ONLY_ACTIVE_ARCH = YES;
				SDKROOT = iphoneos;
				SWIFT_ACTIVE_COMPILATION_CONDITIONS = "DEBUG $(inherited)";
				SWIFT_OPTIMIZATION_LEVEL = "-Onone";
			};
			name = Debug;
		};
		15CE0C312BDB7A0700385B8D /* Release */ = {
			isa = XCBuildConfiguration;
			buildSettings = {
				ALWAYS_SEARCH_USER_PATHS = NO;
				ASSETCATALOG_COMPILER_GENERATE_SWIFT_ASSET_SYMBOL_EXTENSIONS = YES;
				CLANG_ANALYZER_NONNULL = YES;
				CLANG_ANALYZER_NUMBER_OBJECT_CONVERSION = YES_AGGRESSIVE;
				CLANG_CXX_LANGUAGE_STANDARD = "gnu++20";
				CLANG_ENABLE_MODULES = YES;
				CLANG_ENABLE_OBJC_ARC = YES;
				CLANG_ENABLE_OBJC_WEAK = YES;
				CLANG_WARN_BLOCK_CAPTURE_AUTORELEASING = YES;
				CLANG_WARN_BOOL_CONVERSION = YES;
				CLANG_WARN_COMMA = YES;
				CLANG_WARN_CONSTANT_CONVERSION = YES;
				CLANG_WARN_DEPRECATED_OBJC_IMPLEMENTATIONS = YES;
				CLANG_WARN_DIRECT_OBJC_ISA_USAGE = YES_ERROR;
				CLANG_WARN_DOCUMENTATION_COMMENTS = YES;
				CLANG_WARN_EMPTY_BODY = YES;
				CLANG_WARN_ENUM_CONVERSION = YES;
				CLANG_WARN_INFINITE_RECURSION = YES;
				CLANG_WARN_INT_CONVERSION = YES;
				CLANG_WARN_NON_LITERAL_NULL_CONVERSION = YES;
				CLANG_WARN_OBJC_IMPLICIT_RETAIN_SELF = YES;
				CLANG_WARN_OBJC_LITERAL_CONVERSION = YES;
				CLANG_WARN_OBJC_ROOT_CLASS = YES_ERROR;
				CLANG_WARN_QUOTED_INCLUDE_IN_FRAMEWORK_HEADER = YES;
				CLANG_WARN_RANGE_LOOP_ANALYSIS = YES;
				CLANG_WARN_STRICT_PROTOTYPES = YES;
				CLANG_WARN_SUSPICIOUS_MOVE = YES;
				CLANG_WARN_UNGUARDED_AVAILABILITY = YES_AGGRESSIVE;
				CLANG_WARN_UNREACHABLE_CODE = YES;
				CLANG_WARN__DUPLICATE_METHOD_MATCH = YES;
				COPY_PHASE_STRIP = NO;
				DEBUG_INFORMATION_FORMAT = "dwarf-with-dsym";
				ENABLE_NS_ASSERTIONS = NO;
				ENABLE_STRICT_OBJC_MSGSEND = YES;
				ENABLE_USER_SCRIPT_SANDBOXING = YES;
				GCC_C_LANGUAGE_STANDARD = gnu17;
				GCC_NO_COMMON_BLOCKS = YES;
				GCC_WARN_64_TO_32_BIT_CONVERSION = YES;
				GCC_WARN_ABOUT_RETURN_TYPE = YES_ERROR;
				GCC_WARN_UNDECLARED_SELECTOR = YES;
				GCC_WARN_UNINITIALIZED_AUTOS = YES_AGGRESSIVE;
				GCC_WARN_UNUSED_FUNCTION = YES;
				GCC_WARN_UNUSED_VARIABLE = YES;
				IPHONEOS_DEPLOYMENT_TARGET = 17.2;
				LOCALIZATION_PREFERS_STRING_CATALOGS = YES;
				MTL_ENABLE_DEBUG_INFO = NO;
				MTL_FAST_MATH = YES;
				SDKROOT = iphoneos;
				SWIFT_COMPILATION_MODE = wholemodule;
				VALIDATE_PRODUCT = YES;
			};
			name = Release;
		};
		15CE0C332BDB7A0700385B8D /* Debug */ = {
			isa = XCBuildConfiguration;
			buildSettings = {
				ASSETCATALOG_COMPILER_APPICON_NAME = AppIcon;
				ASSETCATALOG_COMPILER_GLOBAL_ACCENT_COLOR_NAME = AccentColor;
				CODE_SIGN_STYLE = Automatic;
				CURRENT_PROJECT_VERSION = 1;
				DEVELOPMENT_ASSET_PATHS = "\"Book Reader/Preview Content\"";
				DEVELOPMENT_TEAM = 64244YL647;
				ENABLE_PREVIEWS = YES;
				GENERATE_INFOPLIST_FILE = YES;
				INFOPLIST_KEY_UIApplicationSceneManifest_Generation = YES;
				INFOPLIST_KEY_UIApplicationSupportsIndirectInputEvents = YES;
				INFOPLIST_KEY_UILaunchScreen_Generation = YES;
				INFOPLIST_KEY_UISupportedInterfaceOrientations_iPad = "UIInterfaceOrientationPortrait UIInterfaceOrientationPortraitUpsideDown UIInterfaceOrientationLandscapeLeft UIInterfaceOrientationLandscapeRight";
				INFOPLIST_KEY_UISupportedInterfaceOrientations_iPhone = "UIInterfaceOrientationPortrait UIInterfaceOrientationLandscapeLeft UIInterfaceOrientationLandscapeRight";
				LD_RUNPATH_SEARCH_PATHS = (
					"$(inherited)",
					"@executable_path/Frameworks",
				);
				MARKETING_VERSION = 1.0;
				PRODUCT_BUNDLE_IDENTIFIER = "com.viking.Book-Reader";
				PRODUCT_NAME = "$(TARGET_NAME)";
				SWIFT_EMIT_LOC_STRINGS = YES;
				SWIFT_VERSION = 5.0;
				TARGETED_DEVICE_FAMILY = "1,2";
			};
			name = Debug;
		};
		15CE0C342BDB7A0700385B8D /* Release */ = {
			isa = XCBuildConfiguration;
			buildSettings = {
				ASSETCATALOG_COMPILER_APPICON_NAME = AppIcon;
				ASSETCATALOG_COMPILER_GLOBAL_ACCENT_COLOR_NAME = AccentColor;
				CODE_SIGN_STYLE = Automatic;
				CURRENT_PROJECT_VERSION = 1;
				DEVELOPMENT_ASSET_PATHS = "\"Book Reader/Preview Content\"";
				DEVELOPMENT_TEAM = 64244YL647;
				ENABLE_PREVIEWS = YES;
				GENERATE_INFOPLIST_FILE = YES;
				INFOPLIST_KEY_UIApplicationSceneManifest_Generation = YES;
				INFOPLIST_KEY_UIApplicationSupportsIndirectInputEvents = YES;
				INFOPLIST_KEY_UILaunchScreen_Generation = YES;
				INFOPLIST_KEY_UISupportedInterfaceOrientations_iPad = "UIInterfaceOrientationPortrait UIInterfaceOrientationPortraitUpsideDown UIInterfaceOrientationLandscapeLeft UIInterfaceOrientationLandscapeRight";
				INFOPLIST_KEY_UISupportedInterfaceOrientations_iPhone = "UIInterfaceOrientationPortrait UIInterfaceOrientationLandscapeLeft UIInterfaceOrientationLandscapeRight";
				LD_RUNPATH_SEARCH_PATHS = (
					"$(inherited)",
					"@executable_path/Frameworks",
				);
				MARKETING_VERSION = 1.0;
				PRODUCT_BUNDLE_IDENTIFIER = "com.viking.Book-Reader";
				PRODUCT_NAME = "$(TARGET_NAME)";
				SWIFT_EMIT_LOC_STRINGS = YES;
				SWIFT_VERSION = 5.0;
				TARGETED_DEVICE_FAMILY = "1,2";
			};
			name = Release;
		};
		15CE0C362BDB7A0700385B8D /* Debug */ = {
			isa = XCBuildConfiguration;
			buildSettings = {
				ALWAYS_EMBED_SWIFT_STANDARD_LIBRARIES = YES;
				BUNDLE_LOADER = "$(TEST_HOST)";
				CODE_SIGN_STYLE = Automatic;
				CURRENT_PROJECT_VERSION = 1;
				DEVELOPMENT_TEAM = 64244YL647;
				GENERATE_INFOPLIST_FILE = YES;
				IPHONEOS_DEPLOYMENT_TARGET = 17.2;
				MARKETING_VERSION = 1.0;
				PRODUCT_BUNDLE_IDENTIFIER = "com.viking.Book-ReaderTests";
				PRODUCT_NAME = "$(TARGET_NAME)";
				SWIFT_EMIT_LOC_STRINGS = NO;
				SWIFT_VERSION = 5.0;
				TARGETED_DEVICE_FAMILY = "1,2";
				TEST_HOST = "$(BUILT_PRODUCTS_DIR)/Book Reader.app/$(BUNDLE_EXECUTABLE_FOLDER_PATH)/Book Reader";
			};
			name = Debug;
		};
		15CE0C372BDB7A0700385B8D /* Release */ = {
			isa = XCBuildConfiguration;
			buildSettings = {
				ALWAYS_EMBED_SWIFT_STANDARD_LIBRARIES = YES;
				BUNDLE_LOADER = "$(TEST_HOST)";
				CODE_SIGN_STYLE = Automatic;
				CURRENT_PROJECT_VERSION = 1;
				DEVELOPMENT_TEAM = 64244YL647;
				GENERATE_INFOPLIST_FILE = YES;
				IPHONEOS_DEPLOYMENT_TARGET = 17.2;
				MARKETING_VERSION = 1.0;
				PRODUCT_BUNDLE_IDENTIFIER = "com.viking.Book-ReaderTests";
				PRODUCT_NAME = "$(TARGET_NAME)";
				SWIFT_EMIT_LOC_STRINGS = NO;
				SWIFT_VERSION = 5.0;
				TARGETED_DEVICE_FAMILY = "1,2";
				TEST_HOST = "$(BUILT_PRODUCTS_DIR)/Book Reader.app/$(BUNDLE_EXECUTABLE_FOLDER_PATH)/Book Reader";
			};
			name = Release;
		};
		15CE0C392BDB7A0700385B8D /* Debug */ = {
			isa = XCBuildConfiguration;
			buildSettings = {
				ALWAYS_EMBED_SWIFT_STANDARD_LIBRARIES = YES;
				CODE_SIGN_STYLE = Automatic;
				CURRENT_PROJECT_VERSION = 1;
				DEVELOPMENT_TEAM = 64244YL647;
				GENERATE_INFOPLIST_FILE = YES;
				MARKETING_VERSION = 1.0;
				PRODUCT_BUNDLE_IDENTIFIER = "com.viking.Book-ReaderUITests";
				PRODUCT_NAME = "$(TARGET_NAME)";
				SWIFT_EMIT_LOC_STRINGS = NO;
				SWIFT_VERSION = 5.0;
				TARGETED_DEVICE_FAMILY = "1,2";
				TEST_TARGET_NAME = "Book Reader";
			};
			name = Debug;
		};
		15CE0C3A2BDB7A0700385B8D /* Release */ = {
			isa = XCBuildConfiguration;
			buildSettings = {
				ALWAYS_EMBED_SWIFT_STANDARD_LIBRARIES = YES;
				CODE_SIGN_STYLE = Automatic;
				CURRENT_PROJECT_VERSION = 1;
				DEVELOPMENT_TEAM = 64244YL647;
				GENERATE_INFOPLIST_FILE = YES;
				MARKETING_VERSION = 1.0;
				PRODUCT_BUNDLE_IDENTIFIER = "com.viking.Book-ReaderUITests";
				PRODUCT_NAME = "$(TARGET_NAME)";
				SWIFT_EMIT_LOC_STRINGS = NO;
				SWIFT_VERSION = 5.0;
				TARGETED_DEVICE_FAMILY = "1,2";
				TEST_TARGET_NAME = "Book Reader";
			};
			name = Release;
		};
/* End XCBuildConfiguration section */

/* Begin XCConfigurationList section */
		15CE0C092BDB7A0400385B8D /* Build configuration list for PBXProject "Book Reader" */ = {
			isa = XCConfigurationList;
			buildConfigurations = (
				15CE0C302BDB7A0700385B8D /* Debug */,
				15CE0C312BDB7A0700385B8D /* Release */,
			);
			defaultConfigurationIsVisible = 0;
			defaultConfigurationName = Release;
		};
		15CE0C322BDB7A0700385B8D /* Build configuration list for PBXNativeTarget "Book Reader" */ = {
			isa = XCConfigurationList;
			buildConfigurations = (
				15CE0C332BDB7A0700385B8D /* Debug */,
				15CE0C342BDB7A0700385B8D /* Release */,
			);
			defaultConfigurationIsVisible = 0;
			defaultConfigurationName = Release;
		};
		15CE0C352BDB7A0700385B8D /* Build configuration list for PBXNativeTarget "Book ReaderTests" */ = {
			isa = XCConfigurationList;
			buildConfigurations = (
				15CE0C362BDB7A0700385B8D /* Debug */,
				15CE0C372BDB7A0700385B8D /* Release */,
			);
			defaultConfigurationIsVisible = 0;
			defaultConfigurationName = Release;
		};
		15CE0C382BDB7A0700385B8D /* Build configuration list for PBXNativeTarget "Book ReaderUITests" */ = {
			isa = XCConfigurationList;
			buildConfigurations = (
				15CE0C392BDB7A0700385B8D /* Debug */,
				15CE0C3A2BDB7A0700385B8D /* Release */,
			);
			defaultConfigurationIsVisible = 0;
			defaultConfigurationName = Release;
		};
/* End XCConfigurationList section */
	};
	rootObject = 15CE0C062BDB7A0400385B8D /* Project object */;
}
